// !$*UTF8*$!
{
	archiveVersion = 1;
	classes = {
	};
	objectVersion = 77;
	objects = {

/* Begin PBXBuildFile section */
		B00000000000000000000001 /* STandApp.swift in Sources */ = {isa = PBXBuildFile; fileRef = F00000000000000000000001 /* STandApp.swift */; };
		B00000000000000000000002 /* AppSettings.swift in Sources */ = {isa = PBXBuildFile; fileRef = F00000000000000000000002 /* AppSettings.swift */; };
		B00000000000000000000003 /* AudioAnalysis.swift in Sources */ = {isa = PBXBuildFile; fileRef = F00000000000000000000003 /* AudioAnalysis.swift */; };
		B00000000000000000000004 /* AudioCaptureService.swift in Sources */ = {isa = PBXBuildFile; fileRef = F00000000000000000000004 /* AudioCaptureService.swift */; };
		B00000000000000000000005 /* RecordingLibrary.swift in Sources */ = {isa = PBXBuildFile; fileRef = F00000000000000000000005 /* RecordingLibrary.swift */; };
		B00000000000000000000006 /* StandViewModel.swift in Sources */ = {isa = PBXBuildFile; fileRef = F00000000000000000000006 /* StandViewModel.swift */; };
		B00000000000000000000007 /* RootView.swift in Sources */ = {isa = PBXBuildFile; fileRef = F00000000000000000000007 /* RootView.swift */; };
		B00000000000000000000008 /* SettingsView.swift in Sources */ = {isa = PBXBuildFile; fileRef = F00000000000000000000008 /* SettingsView.swift */; };
		B00000000000000000000009 /* RecordingsView.swift in Sources */ = {isa = PBXBuildFile; fileRef = F00000000000000000000009 /* RecordingsView.swift */; };
		B0000000000000000000000A /* Assets.xcassets in Resources */ = {isa = PBXBuildFile; fileRef = F0000000000000000000000A /* Assets.xcassets */; };
		B0000000000000000000000D /* PrivacyInfo.xcprivacy in Resources */ = {isa = PBXBuildFile; fileRef = F0000000000000000000000D /* PrivacyInfo.xcprivacy */; };
		B00000000000000000000010 /* Pretendard-Regular.otf in Resources */ = {isa = PBXBuildFile; fileRef = F00000000000000000000010 /* Pretendard-Regular.otf */; };
		B00000000000000000000011 /* KakaoBigSans-Regular.ttf in Resources */ = {isa = PBXBuildFile; fileRef = F00000000000000000000011 /* KakaoBigSans-Regular.ttf */; };
		B00000000000000000000012 /* NanumGothic-Regular.ttf in Resources */ = {isa = PBXBuildFile; fileRef = F00000000000000000000012 /* NanumGothic-Regular.ttf */; };
		B00000000000000000000013 /* Tenada.ttf in Resources */ = {isa = PBXBuildFile; fileRef = F00000000000000000000013 /* Tenada.ttf */; };
		B00000000000000000000014 /* BlackHanSans-Regular.ttf in Resources */ = {isa = PBXBuildFile; fileRef = F00000000000000000000014 /* BlackHanSans-Regular.ttf */; };
		B00000000000000000000015 /* DoHyeon-Regular.ttf in Resources */ = {isa = PBXBuildFile; fileRef = F00000000000000000000015 /* DoHyeon-Regular.ttf */; };
		B00000000000000000000016 /* Pretendard-LICENSE.txt in Resources */ = {isa = PBXBuildFile; fileRef = F00000000000000000000016 /* Pretendard-LICENSE.txt */; };
		B00000000000000000000017 /* KakaoBigSans-OFL.txt in Resources */ = {isa = PBXBuildFile; fileRef = F00000000000000000000017 /* KakaoBigSans-OFL.txt */; };
		B00000000000000000000018 /* NanumGothic-OFL.txt in Resources */ = {isa = PBXBuildFile; fileRef = F00000000000000000000018 /* NanumGothic-OFL.txt */; };
		B00000000000000000000019 /* Tenada-LICENSE.txt in Resources */ = {isa = PBXBuildFile; fileRef = F00000000000000000000019 /* Tenada-LICENSE.txt */; };
		B0000000000000000000001A /* BlackHanSans-OFL.txt in Resources */ = {isa = PBXBuildFile; fileRef = F0000000000000000000001A /* BlackHanSans-OFL.txt */; };
		B0000000000000000000001B /* DoHyeon-OFL.txt in Resources */ = {isa = PBXBuildFile; fileRef = F0000000000000000000001B /* DoHyeon-OFL.txt */; };
		B0000000000000000000001C /* WeatherService.swift in Sources */ = {isa = PBXBuildFile; fileRef = F0000000000000000000001C /* WeatherService.swift */; };
		B0000000000000000000001D /* WakeMotionMonitor.swift in Sources */ = {isa = PBXBuildFile; fileRef = F0000000000000000000001D /* WakeMotionMonitor.swift */; };
		B0000000000000000000001E /* STandWidget.swift in Sources */ = {isa = PBXBuildFile; fileRef = F0000000000000000000001E /* STandWidget.swift */; };
		B0000000000000000000001F /* STandWidget.appex in Embed Foundation Extensions */ = {isa = PBXBuildFile; fileRef = F00000000000000000000203 /* STandWidget.appex */; settings = {ATTRIBUTES = (CodeSignOnCopy, RemoveHeadersOnCopy, ); }; };
		B00000000000000000000101 /* AudioAnalysisTests.swift in Sources */ = {isa = PBXBuildFile; fileRef = F00000000000000000000101 /* AudioAnalysisTests.swift */; };
/* End PBXBuildFile section */

/* Begin PBXContainerItemProxy section */
		A60000000000000000000001 /* PBXContainerItemProxy */ = {
			isa = PBXContainerItemProxy;
			containerPortal = A00000000000000000000001 /* Project object */;
			proxyType = 1;
			remoteGlobalIDString = A10000000000000000000001;
			remoteInfo = STand;
		};
		A60000000000000000000003 /* PBXContainerItemProxy */ = {
			isa = PBXContainerItemProxy;
			containerPortal = A00000000000000000000001 /* Project object */;
			proxyType = 1;
			remoteGlobalIDString = A10000000000000000000003;
			remoteInfo = STandWidget;
		};
/* End PBXContainerItemProxy section */

/* Begin PBXCopyFilesBuildPhase section */
		A90000000000000000000001 /* Embed Foundation Extensions */ = {
			isa = PBXCopyFilesBuildPhase;
			buildActionMask = 2147483647;
			dstPath = "";
			dstSubfolderSpec = 13;
			files = (
				B0000000000000000000001F /* STandWidget.appex in Embed Foundation Extensions */,
			);
			name = "Embed Foundation Extensions";
			runOnlyForDeploymentPostprocessing = 0;
		};
/* End PBXCopyFilesBuildPhase section */

/* Begin PBXFileReference section */
		F00000000000000000000001 /* STandApp.swift */ = {isa = PBXFileReference; lastKnownFileType = sourcecode.swift; path = STandApp.swift; sourceTree = "<group>"; };
		F00000000000000000000002 /* AppSettings.swift */ = {isa = PBXFileReference; lastKnownFileType = sourcecode.swift; path = AppSettings.swift; sourceTree = "<group>"; };
		F00000000000000000000003 /* AudioAnalysis.swift */ = {isa = PBXFileReference; lastKnownFileType = sourcecode.swift; path = AudioAnalysis.swift; sourceTree = "<group>"; };
		F00000000000000000000004 /* AudioCaptureService.swift */ = {isa = PBXFileReference; lastKnownFileType = sourcecode.swift; path = AudioCaptureService.swift; sourceTree = "<group>"; };
		F00000000000000000000005 /* RecordingLibrary.swift */ = {isa = PBXFileReference; lastKnownFileType = sourcecode.swift; path = RecordingLibrary.swift; sourceTree = "<group>"; };
		F00000000000000000000006 /* StandViewModel.swift */ = {isa = PBXFileReference; lastKnownFileType = sourcecode.swift; path = StandViewModel.swift; sourceTree = "<group>"; };
		F00000000000000000000007 /* RootView.swift */ = {isa = PBXFileReference; lastKnownFileType = sourcecode.swift; path = RootView.swift; sourceTree = "<group>"; };
		F00000000000000000000008 /* SettingsView.swift */ = {isa = PBXFileReference; lastKnownFileType = sourcecode.swift; path = SettingsView.swift; sourceTree = "<group>"; };
		F00000000000000000000009 /* RecordingsView.swift */ = {isa = PBXFileReference; lastKnownFileType = sourcecode.swift; path = RecordingsView.swift; sourceTree = "<group>"; };
		F0000000000000000000000A /* Assets.xcassets */ = {isa = PBXFileReference; lastKnownFileType = folder.assetcatalog; path = Assets.xcassets; sourceTree = "<group>"; };
		F0000000000000000000000B /* Versions.xcconfig */ = {isa = PBXFileReference; lastKnownFileType = text.xcconfig; path = Versions.xcconfig; sourceTree = "<group>"; };
		F0000000000000000000000C /* Info.plist */ = {isa = PBXFileReference; lastKnownFileType = text.plist.xml; path = Info.plist; sourceTree = "<group>"; };
		F0000000000000000000000D /* PrivacyInfo.xcprivacy */ = {isa = PBXFileReference; lastKnownFileType = text.xml; path = PrivacyInfo.xcprivacy; sourceTree = "<group>"; };
		F00000000000000000000010 /* Pretendard-Regular.otf */ = {isa = PBXFileReference; lastKnownFileType = file; path = Pretendard-Regular.otf; sourceTree = "<group>"; };
		F00000000000000000000011 /* KakaoBigSans-Regular.ttf */ = {isa = PBXFileReference; lastKnownFileType = file; path = KakaoBigSans-Regular.ttf; sourceTree = "<group>"; };
		F00000000000000000000012 /* NanumGothic-Regular.ttf */ = {isa = PBXFileReference; lastKnownFileType = file; path = NanumGothic-Regular.ttf; sourceTree = "<group>"; };
		F00000000000000000000013 /* Tenada.ttf */ = {isa = PBXFileReference; lastKnownFileType = file; path = Tenada.ttf; sourceTree = "<group>"; };
		F00000000000000000000014 /* BlackHanSans-Regular.ttf */ = {isa = PBXFileReference; lastKnownFileType = file; path = BlackHanSans-Regular.ttf; sourceTree = "<group>"; };
		F00000000000000000000015 /* DoHyeon-Regular.ttf */ = {isa = PBXFileReference; lastKnownFileType = file; path = DoHyeon-Regular.ttf; sourceTree = "<group>"; };
		F00000000000000000000016 /* Pretendard-LICENSE.txt */ = {isa = PBXFileReference; lastKnownFileType = text; path = Pretendard-LICENSE.txt; sourceTree = "<group>"; };
		F00000000000000000000017 /* KakaoBigSans-OFL.txt */ = {isa = PBXFileReference; lastKnownFileType = text; path = KakaoBigSans-OFL.txt; sourceTree = "<group>"; };
		F00000000000000000000018 /* NanumGothic-OFL.txt */ = {isa = PBXFileReference; lastKnownFileType = text; path = NanumGothic-OFL.txt; sourceTree = "<group>"; };
		F00000000000000000000019 /* Tenada-LICENSE.txt */ = {isa = PBXFileReference; lastKnownFileType = text; path = Tenada-LICENSE.txt; sourceTree = "<group>"; };
		F0000000000000000000001A /* BlackHanSans-OFL.txt */ = {isa = PBXFileReference; lastKnownFileType = text; path = BlackHanSans-OFL.txt; sourceTree = "<group>"; };
		F0000000000000000000001B /* DoHyeon-OFL.txt */ = {isa = PBXFileReference; lastKnownFileType = text; path = DoHyeon-OFL.txt; sourceTree = "<group>"; };
		F0000000000000000000001C /* WeatherService.swift */ = {isa = PBXFileReference; lastKnownFileType = sourcecode.swift; path = WeatherService.swift; sourceTree = "<group>"; };
		F0000000000000000000001D /* WakeMotionMonitor.swift */ = {isa = PBXFileReference; lastKnownFileType = sourcecode.swift; path = WakeMotionMonitor.swift; sourceTree = "<group>"; };
		F0000000000000000000001E /* STandWidget.swift */ = {isa = PBXFileReference; lastKnownFileType = sourcecode.swift; path = STandWidget.swift; sourceTree = "<group>"; };
		F0000000000000000000001F /* Info.plist */ = {isa = PBXFileReference; lastKnownFileType = text.plist.xml; path = Info.plist; sourceTree = "<group>"; };
		F00000000000000000000101 /* AudioAnalysisTests.swift */ = {isa = PBXFileReference; lastKnownFileType = sourcecode.swift; path = AudioAnalysisTests.swift; sourceTree = "<group>"; };
		F00000000000000000000201 /* STand.app */ = {isa = PBXFileReference; explicitFileType = wrapper.application; includeInIndex = 0; path = STand.app; sourceTree = BUILT_PRODUCTS_DIR; };
		F00000000000000000000202 /* STandTests.xctest */ = {isa = PBXFileReference; explicitFileType = wrapper.cfbundle; includeInIndex = 0; path = STandTests.xctest; sourceTree = BUILT_PRODUCTS_DIR; };
		F00000000000000000000203 /* STandWidget.appex */ = {isa = PBXFileReference; explicitFileType = "wrapper.app-extension"; includeInIndex = 0; path = STandWidget.appex; sourceTree = BUILT_PRODUCTS_DIR; };
/* End PBXFileReference section */

/* Begin PBXFrameworksBuildPhase section */
		A30000000000000000000001 /* Frameworks */ = {
			isa = PBXFrameworksBuildPhase;
			buildActionMask = 2147483647;
			files = (
			);
			runOnlyForDeploymentPostprocessing = 0;
		};
		A30000000000000000000002 /* Frameworks */ = {
			isa = PBXFrameworksBuildPhase;
			buildActionMask = 2147483647;
			files = (
			);
			runOnlyForDeploymentPostprocessing = 0;
		};
		A30000000000000000000003 /* Frameworks */ = {
			isa = PBXFrameworksBuildPhase;
			buildActionMask = 2147483647;
			files = (
			);
			runOnlyForDeploymentPostprocessing = 0;
		};
/* End PBXFrameworksBuildPhase section */

/* Begin PBXGroup section */
		A20000000000000000000001 = {
			isa = PBXGroup;
			children = (
				A20000000000000000000002 /* STand */,
				A2000000000000000000000E /* STandWidget */,
				A20000000000000000000009 /* STandTests */,
				A2000000000000000000000A /* Configuration */,
				A2000000000000000000000B /* Products */,
			);
			sourceTree = "<group>";
		};
		A20000000000000000000002 /* STand */ = {
			isa = PBXGroup;
			children = (
				A20000000000000000000003 /* App */,
				A20000000000000000000004 /* Audio */,
				A20000000000000000000005 /* Models */,
				A20000000000000000000006 /* Services */,
				A20000000000000000000007 /* UI */,
				A20000000000000000000008 /* Resources */,
			);
			path = STand;
			sourceTree = "<group>";
		};
		A20000000000000000000003 /* App */ = {
			isa = PBXGroup;
			children = (
				F00000000000000000000001 /* STandApp.swift */,
			);
			path = App;
			sourceTree = "<group>";
		};
		A20000000000000000000004 /* Audio */ = {
			isa = PBXGroup;
			children = (
				F00000000000000000000003 /* AudioAnalysis.swift */,
				F00000000000000000000004 /* AudioCaptureService.swift */,
			);
			path = Audio;
			sourceTree = "<group>";
		};
		A20000000000000000000005 /* Models */ = {
			isa = PBXGroup;
			children = (
				F00000000000000000000002 /* AppSettings.swift */,
			);
			path = Models;
			sourceTree = "<group>";
		};
		A20000000000000000000006 /* Services */ = {
			isa = PBXGroup;
			children = (
				F00000000000000000000005 /* RecordingLibrary.swift */,
				F0000000000000000000001C /* WeatherService.swift */,
				F0000000000000000000001D /* WakeMotionMonitor.swift */,
			);
			path = Services;
			sourceTree = "<group>";
		};
		A20000000000000000000007 /* UI */ = {
			isa = PBXGroup;
			children = (
				F00000000000000000000006 /* StandViewModel.swift */,
				F00000000000000000000007 /* RootView.swift */,
				F00000000000000000000008 /* SettingsView.swift */,
				F00000000000000000000009 /* RecordingsView.swift */,
			);
			path = UI;
			sourceTree = "<group>";
		};
		A20000000000000000000008 /* Resources */ = {
			isa = PBXGroup;
			children = (
				F0000000000000000000000A /* Assets.xcassets */,
				A2000000000000000000000C /* Fonts */,
				A2000000000000000000000D /* FontLicenses */,
				F0000000000000000000000C /* Info.plist */,
				F0000000000000000000000D /* PrivacyInfo.xcprivacy */,
			);
			path = Resources;
			sourceTree = "<group>";
		};
		A2000000000000000000000C /* Fonts */ = {
			isa = PBXGroup;
			children = (
				F00000000000000000000010 /* Pretendard-Regular.otf */,
				F00000000000000000000011 /* KakaoBigSans-Regular.ttf */,
				F00000000000000000000012 /* NanumGothic-Regular.ttf */,
				F00000000000000000000013 /* Tenada.ttf */,
				F00000000000000000000014 /* BlackHanSans-Regular.ttf */,
				F00000000000000000000015 /* DoHyeon-Regular.ttf */,
			);
			path = Fonts;
			sourceTree = "<group>";
		};
		A2000000000000000000000D /* FontLicenses */ = {
			isa = PBXGroup;
			children = (
				F00000000000000000000016 /* Pretendard-LICENSE.txt */,
				F00000000000000000000017 /* KakaoBigSans-OFL.txt */,
				F00000000000000000000018 /* NanumGothic-OFL.txt */,
				F00000000000000000000019 /* Tenada-LICENSE.txt */,
				F0000000000000000000001A /* BlackHanSans-OFL.txt */,
				F0000000000000000000001B /* DoHyeon-OFL.txt */,
			);
			path = FontLicenses;
			sourceTree = "<group>";
		};
		A20000000000000000000009 /* STandTests */ = {
			isa = PBXGroup;
			children = (
				F00000000000000000000101 /* AudioAnalysisTests.swift */,
			);
			path = STandTests;
			sourceTree = "<group>";
		};
		A2000000000000000000000E /* STandWidget */ = {
			isa = PBXGroup;
			children = (
				F0000000000000000000001E /* STandWidget.swift */,
				F0000000000000000000001F /* Info.plist */,
			);
			path = STandWidget;
			sourceTree = "<group>";
		};
		A2000000000000000000000A /* Configuration */ = {
			isa = PBXGroup;
			children = (
				F0000000000000000000000B /* Versions.xcconfig */,
			);
			path = Configuration;
			sourceTree = "<group>";
		};
		A2000000000000000000000B /* Products */ = {
			isa = PBXGroup;
			children = (
				F00000000000000000000201 /* STand.app */,
				F00000000000000000000202 /* STandTests.xctest */,
				F00000000000000000000203 /* STandWidget.appex */,
			);
			name = Products;
			sourceTree = "<group>";
		};
/* End PBXGroup section */

/* Begin PBXNativeTarget section */
		A10000000000000000000001 /* STand */ = {
			isa = PBXNativeTarget;
			buildConfigurationList = A80000000000000000000001 /* Build configuration list for PBXNativeTarget "STand" */;
			buildPhases = (
				A40000000000000000000001 /* Sources */,
				A30000000000000000000001 /* Frameworks */,
				A50000000000000000000001 /* Resources */,
				A90000000000000000000001 /* Embed Foundation Extensions */,
			);
			buildRules = (
			);
			dependencies = (
				A60000000000000000000004 /* PBXTargetDependency */,
			);
			name = STand;
			packageProductDependencies = (
			);
			productName = STand;
			productReference = F00000000000000000000201 /* STand.app */;
			productType = "com.apple.product-type.application";
		};
		A10000000000000000000002 /* STandTests */ = {
			isa = PBXNativeTarget;
			buildConfigurationList = A80000000000000000000002 /* Build configuration list for PBXNativeTarget "STandTests" */;
			buildPhases = (
				A40000000000000000000002 /* Sources */,
				A30000000000000000000002 /* Frameworks */,
				A50000000000000000000002 /* Resources */,
			);
			buildRules = (
			);
			dependencies = (
				A60000000000000000000002 /* PBXTargetDependency */,
			);
			name = STandTests;
			packageProductDependencies = (
			);
			productName = STandTests;
			productReference = F00000000000000000000202 /* STandTests.xctest */;
			productType = "com.apple.product-type.bundle.unit-test";
		};
		A10000000000000000000003 /* STandWidget */ = {
			isa = PBXNativeTarget;
			buildConfigurationList = A80000000000000000000004 /* Build configuration list for PBXNativeTarget "STandWidget" */;
			buildPhases = (
				A40000000000000000000003 /* Sources */,
				A30000000000000000000003 /* Frameworks */,
				A50000000000000000000003 /* Resources */,
			);
			buildRules = (
			);
			dependencies = (
			);
			name = STandWidget;
			packageProductDependencies = (
			);
			productName = STandWidget;
			productReference = F00000000000000000000203 /* STandWidget.appex */;
			productType = "com.apple.product-type.app-extension";
		};
/* End PBXNativeTarget section */

/* Begin PBXProject section */
		A00000000000000000000001 /* Project object */ = {
			isa = PBXProject;
			attributes = {
				BuildIndependentTargetsInParallel = 1;
				LastSwiftUpdateCheck = 2660;
				LastUpgradeCheck = 2660;
				TargetAttributes = {
					A10000000000000000000001 = {
						CreatedOnToolsVersion = 26.6;
					};
					A10000000000000000000002 = {
						CreatedOnToolsVersion = 26.6;
						TestTargetID = A10000000000000000000001;
					};
					A10000000000000000000003 = {
						CreatedOnToolsVersion = 26.6;
					};
				};
			};
			buildConfigurationList = A80000000000000000000003 /* Build configuration list for PBXProject "STand" */;
			developmentRegion = ko;
			hasScannedForEncodings = 0;
			knownRegions = (
				ko,
				en,
				Base,
			);
			mainGroup = A20000000000000000000001;
			minimizedProjectReferenceProxies = 1;
			preferredProjectObjectVersion = 77;
			productRefGroup = A2000000000000000000000B /* Products */;
			projectDirPath = "";
			projectRoot = "";
			targets = (
				A10000000000000000000001 /* STand */,
				A10000000000000000000002 /* STandTests */,
				A10000000000000000000003 /* STandWidget */,
			);
		};
/* End PBXProject section */

/* Begin PBXResourcesBuildPhase section */
		A50000000000000000000001 /* Resources */ = {
			isa = PBXResourcesBuildPhase;
			buildActionMask = 2147483647;
			files = (
				B0000000000000000000000A /* Assets.xcassets in Resources */,
				B0000000000000000000000D /* PrivacyInfo.xcprivacy in Resources */,
				B00000000000000000000010 /* Pretendard-Regular.otf in Resources */,
				B00000000000000000000011 /* KakaoBigSans-Regular.ttf in Resources */,
				B00000000000000000000012 /* NanumGothic-Regular.ttf in Resources */,
				B00000000000000000000013 /* Tenada.ttf in Resources */,
				B00000000000000000000014 /* BlackHanSans-Regular.ttf in Resources */,
				B00000000000000000000015 /* DoHyeon-Regular.ttf in Resources */,
				B00000000000000000000016 /* Pretendard-LICENSE.txt in Resources */,
				B00000000000000000000017 /* KakaoBigSans-OFL.txt in Resources */,
				B00000000000000000000018 /* NanumGothic-OFL.txt in Resources */,
				B00000000000000000000019 /* Tenada-LICENSE.txt in Resources */,
				B0000000000000000000001A /* BlackHanSans-OFL.txt in Resources */,
				B0000000000000000000001B /* DoHyeon-OFL.txt in Resources */,
			);
			runOnlyForDeploymentPostprocessing = 0;
		};
		A50000000000000000000002 /* Resources */ = {
			isa = PBXResourcesBuildPhase;
			buildActionMask = 2147483647;
			files = (
			);
			runOnlyForDeploymentPostprocessing = 0;
		};
		A50000000000000000000003 /* Resources */ = {
			isa = PBXResourcesBuildPhase;
			buildActionMask = 2147483647;
			files = (
			);
			runOnlyForDeploymentPostprocessing = 0;
		};
/* End PBXResourcesBuildPhase section */

/* Begin PBXSourcesBuildPhase section */
		A40000000000000000000001 /* Sources */ = {
			isa = PBXSourcesBuildPhase;
			buildActionMask = 2147483647;
			files = (
				B00000000000000000000001 /* STandApp.swift in Sources */,
				B00000000000000000000002 /* AppSettings.swift in Sources */,
				B00000000000000000000003 /* AudioAnalysis.swift in Sources */,
				B00000000000000000000004 /* AudioCaptureService.swift in Sources */,
				B00000000000000000000005 /* RecordingLibrary.swift in Sources */,
				B00000000000000000000006 /* StandViewModel.swift in Sources */,
				B00000000000000000000007 /* RootView.swift in Sources */,
				B00000000000000000000008 /* SettingsView.swift in Sources */,
				B00000000000000000000009 /* RecordingsView.swift in Sources */,
				B0000000000000000000001C /* WeatherService.swift in Sources */,
				B0000000000000000000001D /* WakeMotionMonitor.swift in Sources */,
			);
			runOnlyForDeploymentPostprocessing = 0;
		};
		A40000000000000000000002 /* Sources */ = {
			isa = PBXSourcesBuildPhase;
			buildActionMask = 2147483647;
			files = (
				B00000000000000000000101 /* AudioAnalysisTests.swift in Sources */,
			);
			runOnlyForDeploymentPostprocessing = 0;
		};
		A40000000000000000000003 /* Sources */ = {
			isa = PBXSourcesBuildPhase;
			buildActionMask = 2147483647;
			files = (
				B0000000000000000000001E /* STandWidget.swift in Sources */,
			);
			runOnlyForDeploymentPostprocessing = 0;
		};
/* End PBXSourcesBuildPhase section */

/* Begin PBXTargetDependency section */
		A60000000000000000000002 /* PBXTargetDependency */ = {
			isa = PBXTargetDependency;
			target = A10000000000000000000001 /* STand */;
			targetProxy = A60000000000000000000001 /* PBXContainerItemProxy */;
		};
		A60000000000000000000004 /* PBXTargetDependency */ = {
			isa = PBXTargetDependency;
			target = A10000000000000000000003 /* STandWidget */;
			targetProxy = A60000000000000000000003 /* PBXContainerItemProxy */;
		};
/* End PBXTargetDependency section */

/* Begin XCBuildConfiguration section */
		A70000000000000000000001 /* Debug */ = {
			isa = XCBuildConfiguration;
			baseConfigurationReference = F0000000000000000000000B /* Versions.xcconfig */;
			buildSettings = {
				ASSETCATALOG_COMPILER_APPICON_NAME = AppIcon;
				ASSETCATALOG_COMPILER_GLOBAL_ACCENT_COLOR_NAME = AccentColor;
				CODE_SIGN_STYLE = Automatic;
				DEVELOPMENT_TEAM = T7B4EPLHPK;
				ENABLE_PREVIEWS = YES;
				GENERATE_INFOPLIST_FILE = NO;
				INFOPLIST_FILE = STand/Resources/Info.plist;
				IPHONEOS_DEPLOYMENT_TARGET = 17.0;
				LD_RUNPATH_SEARCH_PATHS = (
					"$(inherited)",
					"@executable_path/Frameworks",
				);
				PRODUCT_BUNDLE_IDENTIFIER = com.armsone.stand;
				PRODUCT_NAME = "$(TARGET_NAME)";
				SUPPORTED_PLATFORMS = "iphoneos iphonesimulator";
				SUPPORTS_MACCATALYST = NO;
				SWIFT_EMIT_LOC_STRINGS = YES;
				SWIFT_VERSION = 5.0;
				TARGETED_DEVICE_FAMILY = 1;
			};
			name = Debug;
		};
		A70000000000000000000002 /* Release */ = {
			isa = XCBuildConfiguration;
			baseConfigurationReference = F0000000000000000000000B /* Versions.xcconfig */;
			buildSettings = {
				ASSETCATALOG_COMPILER_APPICON_NAME = AppIcon;
				ASSETCATALOG_COMPILER_GLOBAL_ACCENT_COLOR_NAME = AccentColor;
				CODE_SIGN_STYLE = Automatic;
				DEVELOPMENT_TEAM = T7B4EPLHPK;
				ENABLE_PREVIEWS = YES;
				GENERATE_INFOPLIST_FILE = NO;
				INFOPLIST_FILE = STand/Resources/Info.plist;
				IPHONEOS_DEPLOYMENT_TARGET = 17.0;
				LD_RUNPATH_SEARCH_PATHS = (
					"$(inherited)",
					"@executable_path/Frameworks",
				);
				PRODUCT_BUNDLE_IDENTIFIER = com.armsone.stand;
				PRODUCT_NAME = "$(TARGET_NAME)";
				SUPPORTED_PLATFORMS = "iphoneos iphonesimulator";
				SUPPORTS_MACCATALYST = NO;
				SWIFT_EMIT_LOC_STRINGS = YES;
				SWIFT_VERSION = 5.0;
				TARGETED_DEVICE_FAMILY = 1;
			};
			name = Release;
		};
		A70000000000000000000003 /* Debug */ = {
			isa = XCBuildConfiguration;
			buildSettings = {
				BUNDLE_LOADER = "$(TEST_HOST)";
				CODE_SIGN_STYLE = Automatic;
				GENERATE_INFOPLIST_FILE = YES;
				IPHONEOS_DEPLOYMENT_TARGET = 17.0;
				PRODUCT_BUNDLE_IDENTIFIER = com.armsone.stand.tests;
				PRODUCT_NAME = "$(TARGET_NAME)";
				SWIFT_VERSION = 5.0;
				TARGETED_DEVICE_FAMILY = 1;
				TEST_HOST = "$(BUILT_PRODUCTS_DIR)/STand.app/$(BUNDLE_EXECUTABLE_FOLDER_PATH)/STand";
			};
			name = Debug;
		};
		A70000000000000000000004 /* Release */ = {
			isa = XCBuildConfiguration;
			buildSettings = {
				BUNDLE_LOADER = "$(TEST_HOST)";
				CODE_SIGN_STYLE = Automatic;
				GENERATE_INFOPLIST_FILE = YES;
				IPHONEOS_DEPLOYMENT_TARGET = 17.0;
				PRODUCT_BUNDLE_IDENTIFIER = com.armsone.stand.tests;
				PRODUCT_NAME = "$(TARGET_NAME)";
				SWIFT_VERSION = 5.0;
				TARGETED_DEVICE_FAMILY = 1;
				TEST_HOST = "$(BUILT_PRODUCTS_DIR)/STand.app/$(BUNDLE_EXECUTABLE_FOLDER_PATH)/STand";
			};
			name = Release;
		};
		A70000000000000000000005 /* Debug */ = {
			isa = XCBuildConfiguration;
			buildSettings = {
				ALWAYS_SEARCH_USER_PATHS = NO;
				CLANG_ANALYZER_NONNULL = YES;
				CLANG_ANALYZER_NUMBER_OBJECT_CONVERSION = YES_AGGRESSIVE;
				CLANG_CXX_LANGUAGE_STANDARD = "gnu++20";
				CLANG_ENABLE_MODULES = YES;
				CLANG_ENABLE_OBJC_ARC = YES;
				CLANG_ENABLE_OBJC_WEAK = YES;
				CLANG_WARN_BLOCK_CAPTURE_AUTORELEASING = YES;
				CLANG_WARN_BOOL_CONVERSION = YES;
				CLANG_WARN_COMMA = YES;
				CLANG_WARN_CONSTANT_CONVERSION = YES;
				CLANG_WARN_DEPRECATED_OBJC_IMPLEMENTATIONS = YES;
				CLANG_WARN_DIRECT_OBJC_ISA_USAGE = YES_ERROR;
				CLANG_WARN_DOCUMENTATION_COMMENTS = YES;
				CLANG_WARN_EMPTY_BODY = YES;
				CLANG_WARN_ENUM_CONVERSION = YES;
				CLANG_WARN_INFINITE_RECURSION = YES;
				CLANG_WARN_INT_CONVERSION = YES;
				CLANG_WARN_NON_LITERAL_NULL_CONVERSION = YES;
				CLANG_WARN_OBJC_IMPLICIT_RETAIN_SELF = YES;
				CLANG_WARN_OBJC_LITERAL_CONVERSION = YES;
				CLANG_WARN_OBJC_ROOT_CLASS = YES_ERROR;
				CLANG_WARN_QUOTED_INCLUDE_IN_FRAMEWORK_HEADER = YES;
				CLANG_WARN_RANGE_LOOP_ANALYSIS = YES;
				CLANG_WARN_STRICT_PROTOTYPES = YES;
				CLANG_WARN_SUSPICIOUS_MOVE = YES;
				CLANG_WARN_UNGUARDED_AVAILABILITY = YES_AGGRESSIVE;
				CLANG_WARN_UNREACHABLE_CODE = YES;
				CLANG_WARN__DUPLICATE_METHOD_MATCH = YES;
				COPY_PHASE_STRIP = NO;
				DEBUG_INFORMATION_FORMAT = dwarf;
				ENABLE_STRICT_OBJC_MSGSEND = YES;
				ENABLE_TESTABILITY = YES;
				ENABLE_USER_SCRIPT_SANDBOXING = YES;
				GCC_C_LANGUAGE_STANDARD = gnu17;
				GCC_DYNAMIC_NO_PIC = NO;
				GCC_NO_COMMON_BLOCKS = YES;
				GCC_OPTIMIZATION_LEVEL = 0;
				GCC_PREPROCESSOR_DEFINITIONS = (
					"DEBUG=1",
					"$(inherited)",
				);
				GCC_WARN_64_TO_32_BIT_CONVERSION = YES;
				GCC_WARN_ABOUT_RETURN_TYPE = YES_ERROR;
				GCC_WARN_UNDECLARED_SELECTOR = YES;
				GCC_WARN_UNINITIALIZED_AUTOS = YES_AGGRESSIVE;
				GCC_WARN_UNUSED_FUNCTION = YES;
				GCC_WARN_UNUSED_VARIABLE = YES;
				IPHONEOS_DEPLOYMENT_TARGET = 17.0;
				LOCALIZATION_PREFERS_STRING_CATALOGS = YES;
				MTL_ENABLE_DEBUG_INFO = INCLUDE_SOURCE;
				MTL_FAST_MATH = YES;
				ONLY_ACTIVE_ARCH = YES;
				SDKROOT = iphoneos;
				SWIFT_ACTIVE_COMPILATION_CONDITIONS = "DEBUG $(inherited)";
				SWIFT_OPTIMIZATION_LEVEL = "-Onone";
			};
			name = Debug;
		};
		A70000000000000000000006 /* Release */ = {
			isa = XCBuildConfiguration;
			buildSettings = {
				ALWAYS_SEARCH_USER_PATHS = NO;
				CLANG_ANALYZER_NONNULL = YES;
				CLANG_ANALYZER_NUMBER_OBJECT_CONVERSION = YES_AGGRESSIVE;
				CLANG_CXX_LANGUAGE_STANDARD = "gnu++20";
				CLANG_ENABLE_MODULES = YES;
				CLANG_ENABLE_OBJC_ARC = YES;
				CLANG_ENABLE_OBJC_WEAK = YES;
				CLANG_WARN_BLOCK_CAPTURE_AUTORELEASING = YES;
				CLANG_WARN_BOOL_CONVERSION = YES;
				CLANG_WARN_COMMA = YES;
				CLANG_WARN_CONSTANT_CONVERSION = YES;
				CLANG_WARN_DEPRECATED_OBJC_IMPLEMENTATIONS = YES;
				CLANG_WARN_DIRECT_OBJC_ISA_USAGE = YES_ERROR;
				CLANG_WARN_DOCUMENTATION_COMMENTS = YES;
				CLANG_WARN_EMPTY_BODY = YES;
				CLANG_WARN_ENUM_CONVERSION = YES;
				CLANG_WARN_INFINITE_RECURSION = YES;
				CLANG_WARN_INT_CONVERSION = YES;
				CLANG_WARN_NON_LITERAL_NULL_CONVERSION = YES;
				CLANG_WARN_OBJC_IMPLICIT_RETAIN_SELF = YES;
				CLANG_WARN_OBJC_LITERAL_CONVERSION = YES;
				CLANG_WARN_OBJC_ROOT_CLASS = YES_ERROR;
				CLANG_WARN_QUOTED_INCLUDE_IN_FRAMEWORK_HEADER = YES;
				CLANG_WARN_RANGE_LOOP_ANALYSIS = YES;
				CLANG_WARN_STRICT_PROTOTYPES = YES;
				CLANG_WARN_SUSPICIOUS_MOVE = YES;
				CLANG_WARN_UNGUARDED_AVAILABILITY = YES_AGGRESSIVE;
				CLANG_WARN_UNREACHABLE_CODE = YES;
				CLANG_WARN__DUPLICATE_METHOD_MATCH = YES;
				COPY_PHASE_STRIP = NO;
				DEBUG_INFORMATION_FORMAT = "dwarf-with-dsym";
				ENABLE_NS_ASSERTIONS = NO;
				ENABLE_STRICT_OBJC_MSGSEND = YES;
				ENABLE_USER_SCRIPT_SANDBOXING = YES;
				GCC_C_LANGUAGE_STANDARD = gnu17;
				GCC_NO_COMMON_BLOCKS = YES;
				GCC_WARN_64_TO_32_BIT_CONVERSION = YES;
				GCC_WARN_ABOUT_RETURN_TYPE = YES_ERROR;
				GCC_WARN_UNDECLARED_SELECTOR = YES;
				GCC_WARN_UNINITIALIZED_AUTOS = YES_AGGRESSIVE;
				GCC_WARN_UNUSED_FUNCTION = YES;
				GCC_WARN_UNUSED_VARIABLE = YES;
				IPHONEOS_DEPLOYMENT_TARGET = 17.0;
				LOCALIZATION_PREFERS_STRING_CATALOGS = YES;
				MTL_ENABLE_DEBUG_INFO = NO;
				MTL_FAST_MATH = YES;
				SDKROOT = iphoneos;
				SWIFT_COMPILATION_MODE = wholemodule;
				VALIDATE_PRODUCT = YES;
			};
			name = Release;
		};
		A70000000000000000000007 /* Debug */ = {
			isa = XCBuildConfiguration;
			baseConfigurationReference = F0000000000000000000000B /* Versions.xcconfig */;
			buildSettings = {
				APPLICATION_EXTENSION_API_ONLY = YES;
				CODE_SIGN_STYLE = Automatic;
				DEVELOPMENT_TEAM = T7B4EPLHPK;
				GENERATE_INFOPLIST_FILE = NO;
				INFOPLIST_FILE = STandWidget/Info.plist;
				IPHONEOS_DEPLOYMENT_TARGET = 17.0;
				LD_RUNPATH_SEARCH_PATHS = (
					"$(inherited)",
					"@executable_path/Frameworks",
					"@executable_path/../../Frameworks",
				);
				PRODUCT_BUNDLE_IDENTIFIER = com.armsone.stand.widget;
				PRODUCT_NAME = "$(TARGET_NAME)";
				SKIP_INSTALL = YES;
				SUPPORTED_PLATFORMS = "iphoneos iphonesimulator";
				SWIFT_EMIT_LOC_STRINGS = YES;
				SWIFT_VERSION = 5.0;
				TARGETED_DEVICE_FAMILY = 1;
			};
			name = Debug;
		};
		A70000000000000000000008 /* Release */ = {
			isa = XCBuildConfiguration;
			baseConfigurationReference = F0000000000000000000000B /* Versions.xcconfig */;
			buildSettings = {
				APPLICATION_EXTENSION_API_ONLY = YES;
				CODE_SIGN_STYLE = Automatic;
				DEVELOPMENT_TEAM = T7B4EPLHPK;
				GENERATE_INFOPLIST_FILE = NO;
				INFOPLIST_FILE = STandWidget/Info.plist;
				IPHONEOS_DEPLOYMENT_TARGET = 17.0;
				LD_RUNPATH_SEARCH_PATHS = (
					"$(inherited)",
					"@executable_path/Frameworks",
					"@executable_path/../../Frameworks",
				);
				PRODUCT_BUNDLE_IDENTIFIER = com.armsone.stand.widget;
				PRODUCT_NAME = "$(TARGET_NAME)";
				SKIP_INSTALL = YES;
				SUPPORTED_PLATFORMS = "iphoneos iphonesimulator";
				SWIFT_EMIT_LOC_STRINGS = YES;
				SWIFT_VERSION = 5.0;
				TARGETED_DEVICE_FAMILY = 1;
			};
			name = Release;
		};
/* End XCBuildConfiguration section */

/* Begin XCConfigurationList section */
		A80000000000000000000001 /* Build configuration list for PBXNativeTarget "STand" */ = {
			isa = XCConfigurationList;
			buildConfigurations = (
				A70000000000000000000001 /* Debug */,
				A70000000000000000000002 /* Release */,
			);
			defaultConfigurationIsVisible = 0;
			defaultConfigurationName = Release;
		};
		A80000000000000000000002 /* Build configuration list for PBXNativeTarget "STandTests" */ = {
			isa = XCConfigurationList;
			buildConfigurations = (
				A70000000000000000000003 /* Debug */,
				A70000000000000000000004 /* Release */,
			);
			defaultConfigurationIsVisible = 0;
			defaultConfigurationName = Release;
		};
		A80000000000000000000003 /* Build configuration list for PBXProject "STand" */ = {
			isa = XCConfigurationList;
			buildConfigurations = (
				A70000000000000000000005 /* Debug */,
				A70000000000000000000006 /* Release */,
			);
			defaultConfigurationIsVisible = 0;
			defaultConfigurationName = Release;
		};
		A80000000000000000000004 /* Build configuration list for PBXNativeTarget "STandWidget" */ = {
			isa = XCConfigurationList;
			buildConfigurations = (
				A70000000000000000000007 /* Debug */,
				A70000000000000000000008 /* Release */,
			);
			defaultConfigurationIsVisible = 0;
			defaultConfigurationName = Release;
		};
/* End XCConfigurationList section */
	};
	rootObject = A00000000000000000000001 /* Project object */;
}
